
Microsoft Visual Studio Solution File, Format Version 12.00
# Visual Studio 15
VisualStudioVersion = 15.0.28010.2036
MinimumVisualStudioVersion = 10.0.40219.1
Project("{FAE04EC0-301F-11D3-BF4B-00C04F79EFBC}") = "RampantRobots", "RampantRobots\RampantRobots.csproj", "{CF4BC102-9192-4F01-9925-9C8DA5591464}"
EndProject
Global
	GlobalSection(SolutionConfigurationPlatforms) = preSolution
		Debug|Any CPU = Debug|Any CPU
		Release|Any CPU = Release|Any CPU
	EndGlobalSection
	GlobalSection(ProjectConfigurationPlatforms) = postSolution
		{CF4BC102-9192-4F01-9925-9C8DA5591464}.Debug|Any CPU.ActiveCfg = Debug|Any CPU
		{CF4BC102-9192-4F01-9925-9C8DA5591464}.Debug|Any CPU.Build.0 = Debug|Any CPU
		{CF4BC102-9192-4F01-9925-9C8DA5591464}.Release|Any CPU.ActiveCfg = Release|Any CPU
		{CF4BC102-9192-4F01-9925-9C8DA5591464}.Release|Any CPU.Build.0 = Release|Any CPU
	EndGlobalSection
	GlobalSection(SolutionProperties) = preSolution
		HideSolutionNode = FALSE
	EndGlobalSection
	GlobalSection(ExtensibilityGlobals) = postSolution
		SolutionGuid = {B5A74816-4491-4251-9E1A-44DDEEFEFCD0}
	EndGlobalSection
EndGlobal
